// !$*UTF8*$!
{
	archiveVersion = 1;
	classes = {
	};
	objectVersion = 46;
	objects = {

/* Begin PBXBuildFile section */
		E0210CA01BCA4D230024B4C4 /* main.cpp in Sources */ = {isa = PBXBuildFile; fileRef = E0210C9F1BCA4D230024B4C4 /* main.cpp */; };
		E03124751C47FEAC0098DD76 /* myo.framework in Frameworks */ = {isa = PBXBuildFile; fileRef = E0EF022B1BCA4FEC00A48BCA /* myo.framework */; };
/* End PBXBuildFile section */

/* Begin PBXCopyFilesBuildPhase section */
		E0210C9A1BCA4D230024B4C4 /* CopyFiles */ = {
			isa = PBXCopyFilesBuildPhase;
			buildActionMask = 2147483647;
			dstPath = /usr/share/man/man1/;
			dstSubfolderSpec = 0;
			files = (
			);
			runOnlyForDeploymentPostprocessing = 1;
		};
/* End PBXCopyFilesBuildPhase section */

/* Begin PBXFileReference section */
		E0210C9C1BCA4D230024B4C4 /* GesturesClassifierApplication */ = {isa = PBXFileReference; explicitFileType = "compiled.mach-o.executable"; includeInIndex = 0; path = GesturesClassifierApplication; sourceTree = BUILT_PRODUCTS_DIR; };
		E0210C9F1BCA4D230024B4C4 /* main.cpp */ = {isa = PBXFileReference; lastKnownFileType = sourcecode.cpp.cpp; path = main.cpp; sourceTree = "<group>"; };
		E0EF022B1BCA4FEC00A48BCA /* myo.framework */ = {isa = PBXFileReference; lastKnownFileType = wrapper.framework; path = myo.framework; sourceTree = "<group>"; };
		E0EF02301BCA4FEC00A48BCA /* ThrowOnError.hpp */ = {isa = PBXFileReference; fileEncoding = 4; lastKnownFileType = sourcecode.cpp.h; path = ThrowOnError.hpp; sourceTree = "<group>"; };
		E0EF02311BCA4FEC00A48BCA /* DeviceListener.hpp */ = {isa = PBXFileReference; fileEncoding = 4; lastKnownFileType = sourcecode.cpp.h; path = DeviceListener.hpp; sourceTree = "<group>"; };
		E0EF02321BCA4FEC00A48BCA /* Hub.hpp */ = {isa = PBXFileReference; fileEncoding = 4; lastKnownFileType = sourcecode.cpp.h; path = Hub.hpp; sourceTree = "<group>"; };
		E0EF02341BCA4FEC00A48BCA /* Hub_impl.hpp */ = {isa = PBXFileReference; fileEncoding = 4; lastKnownFileType = sourcecode.cpp.h; path = Hub_impl.hpp; sourceTree = "<group>"; };
		E0EF02351BCA4FEC00A48BCA /* Myo_impl.hpp */ = {isa = PBXFileReference; fileEncoding = 4; lastKnownFileType = sourcecode.cpp.h; path = Myo_impl.hpp; sourceTree = "<group>"; };
		E0EF02361BCA4FEC00A48BCA /* Pose_impl.hpp */ = {isa = PBXFileReference; fileEncoding = 4; lastKnownFileType = sourcecode.cpp.h; path = Pose_impl.hpp; sourceTree = "<group>"; };
		E0EF02371BCA4FEC00A48BCA /* Myo.hpp */ = {isa = PBXFileReference; fileEncoding = 4; lastKnownFileType = sourcecode.cpp.h; path = Myo.hpp; sourceTree = "<group>"; };
		E0EF02381BCA4FEC00A48BCA /* Pose.hpp */ = {isa = PBXFileReference; fileEncoding = 4; lastKnownFileType = sourcecode.cpp.h; path = Pose.hpp; sourceTree = "<group>"; };
		E0EF02391BCA4FEC00A48BCA /* Quaternion.hpp */ = {isa = PBXFileReference; fileEncoding = 4; lastKnownFileType = sourcecode.cpp.h; path = Quaternion.hpp; sourceTree = "<group>"; };
		E0EF023A1BCA4FEC00A48BCA /* Vector3.hpp */ = {isa = PBXFileReference; fileEncoding = 4; lastKnownFileType = sourcecode.cpp.h; path = Vector3.hpp; sourceTree = "<group>"; };
		E0EF023D1BCA4FEC00A48BCA /* visibility.h */ = {isa = PBXFileReference; fileEncoding = 4; lastKnownFileType = sourcecode.c.h; path = visibility.h; sourceTree = "<group>"; };
		E0EF023E1BCA4FEC00A48BCA /* libmyo.h */ = {isa = PBXFileReference; fileEncoding = 4; lastKnownFileType = sourcecode.c.h; path = libmyo.h; sourceTree = "<group>"; };
		E0EF023F1BCA4FEC00A48BCA /* myo.hpp */ = {isa = PBXFileReference; fileEncoding = 4; lastKnownFileType = sourcecode.cpp.h; path = myo.hpp; sourceTree = "<group>"; };
/* End PBXFileReference section */

/* Begin PBXFrameworksBuildPhase section */
		E0210C991BCA4D230024B4C4 /* Frameworks */ = {
			isa = PBXFrameworksBuildPhase;
			buildActionMask = 2147483647;
			files = (
				E03124751C47FEAC0098DD76 /* myo.framework in Frameworks */,
			);
			runOnlyForDeploymentPostprocessing = 0;
		};
/* End PBXFrameworksBuildPhase section */

/* Begin PBXGroup section */
		E0210C931BCA4D230024B4C4 = {
			isa = PBXGroup;
			children = (
				E0EF02291BCA4FEC00A48BCA /* myo.mac */,
				E0210C9E1BCA4D230024B4C4 /* GesturesClassifierApplication */,
				E0210C9D1BCA4D230024B4C4 /* Products */,
			);
			sourceTree = "<group>";
		};
		E0210C9D1BCA4D230024B4C4 /* Products */ = {
			isa = PBXGroup;
			children = (
				E0210C9C1BCA4D230024B4C4 /* GesturesClassifierApplication */,
			);
			name = Products;
			sourceTree = "<group>";
		};
		E0210C9E1BCA4D230024B4C4 /* GesturesClassifierApplication */ = {
			isa = PBXGroup;
			children = (
				E0210C9F1BCA4D230024B4C4 /* main.cpp */,
			);
			path = GesturesClassifierApplication;
			sourceTree = "<group>";
		};
		E0EF02291BCA4FEC00A48BCA /* myo.mac */ = {
			isa = PBXGroup;
			children = (
				E0EF022A1BCA4FEC00A48BCA /* framework */,
				E0EF022C1BCA4FEC00A48BCA /* include */,
				E0EF02401BCA4FEC00A48BCA /* lib */,
			);
			name = myo.mac;
			path = ../myo.mac;
			sourceTree = "<group>";
		};
		E0EF022A1BCA4FEC00A48BCA /* framework */ = {
			isa = PBXGroup;
			children = (
				E0EF022B1BCA4FEC00A48BCA /* myo.framework */,
			);
			path = framework;
			sourceTree = "<group>";
		};
		E0EF022C1BCA4FEC00A48BCA /* include */ = {
			isa = PBXGroup;
			children = (
				E0EF022D1BCA4FEC00A48BCA /* myo */,
			);
			path = include;
			sourceTree = "<group>";
		};
		E0EF022D1BCA4FEC00A48BCA /* myo */ = {
			isa = PBXGroup;
			children = (
				E0EF022E1BCA4FEC00A48BCA /* cxx */,
				E0EF023B1BCA4FEC00A48BCA /* libmyo */,
				E0EF023E1BCA4FEC00A48BCA /* libmyo.h */,
				E0EF023F1BCA4FEC00A48BCA /* myo.hpp */,
			);
			path = myo;
			sourceTree = "<group>";
		};
		E0EF022E1BCA4FEC00A48BCA /* cxx */ = {
			isa = PBXGroup;
			children = (
				E0EF022F1BCA4FEC00A48BCA /* detail */,
				E0EF02311BCA4FEC00A48BCA /* DeviceListener.hpp */,
				E0EF02321BCA4FEC00A48BCA /* Hub.hpp */,
				E0EF02331BCA4FEC00A48BCA /* impl */,
				E0EF02371BCA4FEC00A48BCA /* Myo.hpp */,
				E0EF02381BCA4FEC00A48BCA /* Pose.hpp */,
				E0EF02391BCA4FEC00A48BCA /* Quaternion.hpp */,
				E0EF023A1BCA4FEC00A48BCA /* Vector3.hpp */,
			);
			path = cxx;
			sourceTree = "<group>";
		};
		E0EF022F1BCA4FEC00A48BCA /* detail */ = {
			isa = PBXGroup;
			children = (
				E0EF02301BCA4FEC00A48BCA /* ThrowOnError.hpp */,
			);
			path = detail;
			sourceTree = "<group>";
		};
		E0EF02331BCA4FEC00A48BCA /* impl */ = {
			isa = PBXGroup;
			children = (
				E0EF02341BCA4FEC00A48BCA /* Hub_impl.hpp */,
				E0EF02351BCA4FEC00A48BCA /* Myo_impl.hpp */,
				E0EF02361BCA4FEC00A48BCA /* Pose_impl.hpp */,
			);
			path = impl;
			sourceTree = "<group>";
		};
		E0EF023B1BCA4FEC00A48BCA /* libmyo */ = {
			isa = PBXGroup;
			children = (
				E0EF023C1BCA4FEC00A48BCA /* detail */,
			);
			path = libmyo;
			sourceTree = "<group>";
		};
		E0EF023C1BCA4FEC00A48BCA /* detail */ = {
			isa = PBXGroup;
			children = (
				E0EF023D1BCA4FEC00A48BCA /* visibility.h */,
			);
			path = detail;
			sourceTree = "<group>";
		};
		E0EF02401BCA4FEC00A48BCA /* lib */ = {
			isa = PBXGroup;
			children = (
			);
			path = lib;
			sourceTree = "<group>";
		};
/* End PBXGroup section */

/* Begin PBXNativeTarget section */
		E0210C9B1BCA4D230024B4C4 /* GesturesClassifierApplication */ = {
			isa = PBXNativeTarget;
			buildConfigurationList = E0210CA31BCA4D230024B4C4 /* Build configuration list for PBXNativeTarget "GesturesClassifierApplication" */;
			buildPhases = (
				E0210C981BCA4D230024B4C4 /* Sources */,
				E0210C991BCA4D230024B4C4 /* Frameworks */,
				E0210C9A1BCA4D230024B4C4 /* CopyFiles */,
			);
			buildRules = (
			);
			dependencies = (
			);
			name = GesturesClassifierApplication;
			productName = GesturesClassifierExemple;
			productReference = E0210C9C1BCA4D230024B4C4 /* GesturesClassifierApplication */;
			productType = "com.apple.product-type.tool";
		};
/* End PBXNativeTarget section */

/* Begin PBXProject section */
		E0210C941BCA4D230024B4C4 /* Project object */ = {
			isa = PBXProject;
			attributes = {
				LastUpgradeCheck = 0700;
				ORGANIZATIONNAME = "Gabriele Di Bari";
				TargetAttributes = {
					E0210C9B1BCA4D230024B4C4 = {
						CreatedOnToolsVersion = 7.0.1;
					};
				};
			};
			buildConfigurationList = E0210C971BCA4D230024B4C4 /* Build configuration list for PBXProject "GesturesClassifierApplication" */;
			compatibilityVersion = "Xcode 3.2";
			developmentRegion = English;
			hasScannedForEncodings = 0;
			knownRegions = (
				en,
			);
			mainGroup = E0210C931BCA4D230024B4C4;
			productRefGroup = E0210C9D1BCA4D230024B4C4 /* Products */;
			projectDirPath = "";
			projectRoot = "";
			targets = (
				E0210C9B1BCA4D230024B4C4 /* GesturesClassifierApplication */,
			);
		};
/* End PBXProject section */

/* Begin PBXSourcesBuildPhase section */
		E0210C981BCA4D230024B4C4 /* Sources */ = {
			isa = PBXSourcesBuildPhase;
			buildActionMask = 2147483647;
			files = (
				E0210CA01BCA4D230024B4C4 /* main.cpp in Sources */,
			);
			runOnlyForDeploymentPostprocessing = 0;
		};
/* End PBXSourcesBuildPhase section */

/* Begin XCBuildConfiguration section */
		E0210CA11BCA4D230024B4C4 /* Debug */ = {
			isa = XCBuildConfiguration;
			buildSettings = {
				ALWAYS_SEARCH_USER_PATHS = NO;
				CLANG_CXX_LANGUAGE_STANDARD = "gnu++0x";
				CLANG_CXX_LIBRARY = "libc++";
				CLANG_ENABLE_MODULES = YES;
				CLANG_ENABLE_OBJC_ARC = YES;
				CLANG_WARN_BOOL_CONVERSION = YES;
				CLANG_WARN_CONSTANT_CONVERSION = YES;
				CLANG_WARN_DIRECT_OBJC_ISA_USAGE = YES_ERROR;
				CLANG_WARN_EMPTY_BODY = YES;
				CLANG_WARN_ENUM_CONVERSION = YES;
				CLANG_WARN_INT_CONVERSION = YES;
				CLANG_WARN_OBJC_ROOT_CLASS = YES_ERROR;
				CLANG_WARN_UNREACHABLE_CODE = YES;
				CLANG_WARN__DUPLICATE_METHOD_MATCH = YES;
				COPY_PHASE_STRIP = NO;
				DEBUG_INFORMATION_FORMAT = dwarf;
				ENABLE_STRICT_OBJC_MSGSEND = YES;
				ENABLE_TESTABILITY = YES;
				GCC_C_LANGUAGE_STANDARD = gnu99;
				GCC_DYNAMIC_NO_PIC = NO;
				GCC_NO_COMMON_BLOCKS = YES;
				GCC_OPTIMIZATION_LEVEL = 0;
				GCC_PREPROCESSOR_DEFINITIONS = (
					"DEBUG=1",
					"$(inherited)",
				);
				GCC_WARN_64_TO_32_BIT_CONVERSION = YES;
				GCC_WARN_ABOUT_RETURN_TYPE = YES_ERROR;
				GCC_WARN_UNDECLARED_SELECTOR = YES;
				GCC_WARN_UNINITIALIZED_AUTOS = YES_AGGRESSIVE;
				GCC_WARN_UNUSED_FUNCTION = YES;
				GCC_WARN_UNUSED_VARIABLE = YES;
				MACOSX_DEPLOYMENT_TARGET = 10.11;
				MTL_ENABLE_DEBUG_INFO = YES;
				ONLY_ACTIVE_ARCH = YES;
				SDKROOT = macosx;
			};
			name = Debug;
		};
		E0210CA21BCA4D230024B4C4 /* Release */ = {
			isa = XCBuildConfiguration;
			buildSettings = {
				ALWAYS_SEARCH_USER_PATHS = NO;
				CLANG_CXX_LANGUAGE_STANDARD = "gnu++0x";
				CLANG_CXX_LIBRARY = "libc++";
				CLANG_ENABLE_MODULES = YES;
				CLANG_ENABLE_OBJC_ARC = YES;
				CLANG_WARN_BOOL_CONVERSION = YES;
				CLANG_WARN_CONSTANT_CONVERSION = YES;
				CLANG_WARN_DIRECT_OBJC_ISA_USAGE = YES_ERROR;
				CLANG_WARN_EMPTY_BODY = YES;
				CLANG_WARN_ENUM_CONVERSION = YES;
				CLANG_WARN_INT_CONVERSION = YES;
				CLANG_WARN_OBJC_ROOT_CLASS = YES_ERROR;
				CLANG_WARN_UNREACHABLE_CODE = YES;
				CLANG_WARN__DUPLICATE_METHOD_MATCH = YES;
				COPY_PHASE_STRIP = NO;
				DEBUG_INFORMATION_FORMAT = "dwarf-with-dsym";
				ENABLE_NS_ASSERTIONS = NO;
				ENABLE_STRICT_OBJC_MSGSEND = YES;
				GCC_C_LANGUAGE_STANDARD = gnu99;
				GCC_NO_COMMON_BLOCKS = YES;
				GCC_WARN_64_TO_32_BIT_CONVERSION = YES;
				GCC_WARN_ABOUT_RETURN_TYPE = YES_ERROR;
				GCC_WARN_UNDECLARED_SELECTOR = YES;
				GCC_WARN_UNINITIALIZED_AUTOS = YES_AGGRESSIVE;
				GCC_WARN_UNUSED_FUNCTION = YES;
				GCC_WARN_UNUSED_VARIABLE = YES;
				MACOSX_DEPLOYMENT_TARGET = 10.11;
				MTL_ENABLE_DEBUG_INFO = NO;
				SDKROOT = macosx;
			};
			name = Release;
		};
		E0210CA41BCA4D230024B4C4 /* Debug */ = {
			isa = XCBuildConfiguration;
			buildSettings = {
				FRAMEWORK_SEARCH_PATHS = "$(PROJECT_DIR)/../myo.mac/framework";
				HEADER_SEARCH_PATHS = (
					"$(PROJECT_DIR)/../myo.mac/include/**",
					"$(PROJECT_DIR)/../GesturesClassifier/source",
				);
				LD_RUNPATH_SEARCH_PATHS = "@executable_path/../Frameworks";
				LIBRARY_SEARCH_PATHS = "$(PROJECT_DIR)/../GesturesClassifier/build/Debug";
				OTHER_LDFLAGS = "-lGesturesClassifier";
				PRODUCT_NAME = GesturesClassifierApplication;
			};
			name = Debug;
		};
		E0210CA51BCA4D230024B4C4 /* Release */ = {
			isa = XCBuildConfiguration;
			buildSettings = {
				FRAMEWORK_SEARCH_PATHS = "$(PROJECT_DIR)/../myo.mac/framework";
				HEADER_SEARCH_PATHS = (
					"$(PROJECT_DIR)/../myo.mac/include/**",
					"$(PROJECT_DIR)/../GesturesClassifier/source",
				);
				LD_RUNPATH_SEARCH_PATHS = "@executable_path/../Frameworks";
				LIBRARY_SEARCH_PATHS = "$(PROJECT_DIR)/../GesturesClassifier/build/Release";
				OTHER_LDFLAGS = "-lGesturesClassifier";
				PRODUCT_NAME = GesturesClassifierApplication;
			};
			name = Release;
		};
/* End XCBuildConfiguration section */

/* Begin XCConfigurationList section */
		E0210C971BCA4D230024B4C4 /* Build configuration list for PBXProject "GesturesClassifierApplication" */ = {
			isa = XCConfigurationList;
			buildConfigurations = (
				E0210CA11BCA4D230024B4C4 /* Debug */,
				E0210CA21BCA4D230024B4C4 /* Release */,
			);
			defaultConfigurationIsVisible = 0;
			defaultConfigurationName = Release;
		};
		E0210CA31BCA4D230024B4C4 /* Build configuration list for PBXNativeTarget "GesturesClassifierApplication" */ = {
			isa = XCConfigurationList;
			buildConfigurations = (
				E0210CA41BCA4D230024B4C4 /* Debug */,
				E0210CA51BCA4D230024B4C4 /* Release */,
			);
			defaultConfigurationIsVisible = 0;
			defaultConfigurationName = Release;
		};
/* End XCConfigurationList section */
	};
	rootObject = E0210C941BCA4D230024B4C4 /* Project object */;
}
